PODS:
  - LiquidFloatingActionButton (2.0.0)
  - SnapKit (4.0.1)

DEPENDENCIES:
  - LiquidFloatingActionButton (from `../`)
  - SnapKit (~> 4.0)

EXTERNAL SOURCES:
  LiquidFloatingActionButton:
    :path: ../

SPEC CHECKSUMS:
  LiquidFloatingActionButton: 150d71accb46bbca26a86ce697dc3993ff6ee851
  SnapKit: 0de968a9fec17499afa29683b05d0c775b6d1c29

PODFILE CHECKSUM: 90fa9b89646b33955514a859cdaf9d133a2914c5

COCOAPODS: 1.4.0
